// !$*UTF8*$!
{
	archiveVersion = 1;
	classes = {
	};
	objectVersion = 46;
	objects = {

/* Begin PBXBuildFile section */
		24EA960A1DD7E47700B11F1B /* AppDelegate.swift in Sources */ = {isa = PBXBuildFile; fileRef = 24EA96091DD7E47700B11F1B /* AppDelegate.swift */; };
		24EA960C1DD7E47700B11F1B /* ViewController.swift in Sources */ = {isa = PBXBuildFile; fileRef = 24EA960B1DD7E47700B11F1B /* ViewController.swift */; };
		24EA960F1DD7E47700B11F1B /* Main.storyboard in Resources */ = {isa = PBXBuildFile; fileRef = 24EA960D1DD7E47700B11F1B /* Main.storyboard */; };
		24EA96111DD7E47700B11F1B /* Assets.xcassets in Resources */ = {isa = PBXBuildFile; fileRef = 24EA96101DD7E47700B11F1B /* Assets.xcassets */; };
		24EA96141DD7E47700B11F1B /* LaunchScreen.storyboard in Resources */ = {isa = PBXBuildFile; fileRef = 24EA96121DD7E47700B11F1B /* LaunchScreen.storyboard */; };
/* End PBXBuildFile section */

/* Begin PBXFileReference section */
		24EA96061DD7E47700B11F1B /* saveTheKittens.app */ = {isa = PBXFileReference; explicitFileType = wrapper.application; includeInIndex = 0; path = saveTheKittens.app; sourceTree = BUILT_PRODUCTS_DIR; };
		24EA96091DD7E47700B11F1B /* AppDelegate.swift */ = {isa = PBXFileReference; lastKnownFileType = sourcecode.swift; path = AppDelegate.swift; sourceTree = "<group>"; };
		24EA960B1DD7E47700B11F1B /* ViewController.swift */ = {isa = PBXFileReference; lastKnownFileType = sourcecode.swift; path = ViewController.swift; sourceTree = "<group>"; };
		24EA960E1DD7E47700B11F1B /* Base */ = {isa = PBXFileReference; lastKnownFileType = file.storyboard; name = Base; path = Base.lproj/Main.storyboard; sourceTree = "<group>"; };
		24EA96101DD7E47700B11F1B /* Assets.xcassets */ = {isa = PBXFileReference; lastKnownFileType = folder.assetcatalog; path = Assets.xcassets; sourceTree = "<group>"; };
		24EA96131DD7E47700B11F1B /* Base */ = {isa = PBXFileReference; lastKnownFileType = file.storyboard; name = Base; path = Base.lproj/LaunchScreen.storyboard; sourceTree = "<group>"; };
		24EA96151DD7E47700B11F1B /* Info.plist */ = {isa = PBXFileReference; lastKnownFileType = text.plist.xml; path = Info.plist; sourceTree = "<group>"; };
/* End PBXFileReference section */

/* Begin PBXFrameworksBuildPhase section */
		24EA96031DD7E47700B11F1B /* Frameworks */ = {
			isa = PBXFrameworksBuildPhase;
			buildActionMask = 2147483647;
			files = (
			);
			runOnlyForDeploymentPostprocessing = 0;
		};
/* End PBXFrameworksBuildPhase section */

/* Begin PBXGroup section */
		24EA95FD1DD7E47700B11F1B = {
			isa = PBXGroup;
			children = (
				24EA96081DD7E47700B11F1B /* saveTheKittens */,
				24EA96071DD7E47700B11F1B /* Products */,
			);
			sourceTree = "<group>";
		};
		24EA96071DD7E47700B11F1B /* Products */ = {
			isa = PBXGroup;
			children = (
				24EA96061DD7E47700B11F1B /* saveTheKittens.app */,
			);
			name = Products;
			sourceTree = "<group>";
		};
		24EA96081DD7E47700B11F1B /* saveTheKittens */ = {
			isa = PBXGroup;
			children = (
				24EA96091DD7E47700B11F1B /* AppDelegate.swift */,
				24EA960B1DD7E47700B11F1B /* ViewController.swift */,
				24EA960D1DD7E47700B11F1B /* Main.storyboard */,
				24EA96101DD7E47700B11F1B /* Assets.xcassets */,
				24EA96121DD7E47700B11F1B /* LaunchScreen.storyboard */,
				24EA96151DD7E47700B11F1B /* Info.plist */,
			);
			path = saveTheKittens;
			sourceTree = "<group>";
		};
/* End PBXGroup section */

/* Begin PBXNativeTarget section */
		24EA96051DD7E47700B11F1B /* saveTheKittens */ = {
			isa = PBXNativeTarget;
			buildConfigurationList = 24EA96181DD7E47700B11F1B /* Build configuration list for PBXNativeTarget "saveTheKittens" */;
			buildPhases = (
				24EA96021DD7E47700B11F1B /* Sources */,
				24EA96031DD7E47700B11F1B /* Frameworks */,
				24EA96041DD7E47700B11F1B /* Resources */,
			);
			buildRules = (
			);
			dependencies = (
			);
			name = saveTheKittens;
			productName = saveTheKittens;
			productReference = 24EA96061DD7E47700B11F1B /* saveTheKittens.app */;
			productType = "com.apple.product-type.application";
		};
/* End PBXNativeTarget section */

/* Begin PBXProject section */
		24EA95FE1DD7E47700B11F1B /* Project object */ = {
			isa = PBXProject;
			attributes = {
				LastSwiftUpdateCheck = 0810;
				LastUpgradeCheck = 0810;
				ORGANIZATIONNAME = "Arun Narayanan";
				TargetAttributes = {
					24EA96051DD7E47700B11F1B = {
						CreatedOnToolsVersion = 8.1;
						ProvisioningStyle = Automatic;
					};
				};
			};
			buildConfigurationList = 24EA96011DD7E47700B11F1B /* Build configuration list for PBXProject "saveTheKittens" */;
			compatibilityVersion = "Xcode 3.2";
			developmentRegion = English;
			hasScannedForEncodings = 0;
			knownRegions = (
				en,
				Base,
			);
			mainGroup = 24EA95FD1DD7E47700B11F1B;
			productRefGroup = 24EA96071DD7E47700B11F1B /* Products */;
			projectDirPath = "";
			projectRoot = "";
			targets = (
				24EA96051DD7E47700B11F1B /* saveTheKittens */,
			);
		};
/* End PBXProject section */

/* Begin PBXResourcesBuildPhase section */
		24EA96041DD7E47700B11F1B /* Resources */ = {
			isa = PBXResourcesBuildPhase;
			buildActionMask = 2147483647;
			files = (
				24EA96141DD7E47700B11F1B /* LaunchScreen.storyboard in Resources */,
				24EA96111DD7E47700B11F1B /* Assets.xcassets in Resources */,
				24EA960F1DD7E47700B11F1B /* Main.storyboard in Resources */,
			);
			runOnlyForDeploymentPostprocessing = 0;
		};
/* End PBXResourcesBuildPhase section */

/* Begin PBXSourcesBuildPhase section */
		24EA96021DD7E47700B11F1B /* Sources */ = {
			isa = PBXSourcesBuildPhase;
			buildActionMask = 2147483647;
			files = (
				24EA960C1DD7E47700B11F1B /* ViewController.swift in Sources */,
				24EA960A1DD7E47700B11F1B /* AppDelegate.swift in Sources */,
			);
			runOnlyForDeploymentPostprocessing = 0;
		};
/* End PBXSourcesBuildPhase section */

/* Begin PBXVariantGroup section */
		24EA960D1DD7E47700B11F1B /* Main.storyboard */ = {
			isa = PBXVariantGroup;
			children = (
				24EA960E1DD7E47700B11F1B /* Base */,
			);
			name = Main.storyboard;
			sourceTree = "<group>";
		};
		24EA96121DD7E47700B11F1B /* LaunchScreen.storyboard */ = {
			isa = PBXVariantGroup;
			children = (
				24EA96131DD7E47700B11F1B /* Base */,
			);
			name = LaunchScreen.storyboard;
			sourceTree = "<group>";
		};
/* End PBXVariantGroup section */

/* Begin XCBuildConfiguration section */
		24EA96161DD7E47700B11F1B /* Debug */ = {
			isa = XCBuildConfiguration;
			buildSettings = {
				ALWAYS_SEARCH_USER_PATHS = NO;
				CLANG_ANALYZER_NONNULL = YES;
				CLANG_CXX_LANGUAGE_STANDARD = "gnu++0x";
				CLANG_CXX_LIBRARY = "libc++";
				CLANG_ENABLE_MODULES = YES;
				CLANG_ENABLE_OBJC_ARC = YES;
				CLANG_WARN_BOOL_CONVERSION = YES;
				CLANG_WARN_CONSTANT_CONVERSION = YES;
				CLANG_WARN_DIRECT_OBJC_ISA_USAGE = YES_ERROR;
				CLANG_WARN_DOCUMENTATION_COMMENTS = YES;
				CLANG_WARN_EMPTY_BODY = YES;
				CLANG_WARN_ENUM_CONVERSION = YES;
				CLANG_WARN_INFINITE_RECURSION = YES;
				CLANG_WARN_INT_CONVERSION = YES;
				CLANG_WARN_OBJC_ROOT_CLASS = YES_ERROR;
				CLANG_WARN_SUSPICIOUS_MOVES = YES;
				CLANG_WARN_UNREACHABLE_CODE = YES;
				CLANG_WARN__DUPLICATE_METHOD_MATCH = YES;
				"CODE_SIGN_IDENTITY[sdk=iphoneos*]" = "iPhone Developer";
				COPY_PHASE_STRIP = NO;
				DEBUG_INFORMATION_FORMAT = dwarf;
				ENABLE_STRICT_OBJC_MSGSEND = YES;
				ENABLE_TESTABILITY = YES;
				GCC_C_LANGUAGE_STANDARD = gnu99;
				GCC_DYNAMIC_NO_PIC = NO;
				GCC_NO_COMMON_BLOCKS = YES;
				GCC_OPTIMIZATION_LEVEL = 0;
				GCC_PREPROCESSOR_DEFINITIONS = (
					"DEBUG=1",
					"$(inherited)",
				);
				GCC_WARN_64_TO_32_BIT_CONVERSION = YES;
				GCC_WARN_ABOUT_RETURN_TYPE = YES_ERROR;
				GCC_WARN_UNDECLARED_SELECTOR = YES;
				GCC_WARN_UNINITIALIZED_AUTOS = YES_AGGRESSIVE;
				GCC_WARN_UNUSED_FUNCTION = YES;
				GCC_WARN_UNUSED_VARIABLE = YES;
				IPHONEOS_DEPLOYMENT_TARGET = 10.1;
				MTL_ENABLE_DEBUG_INFO = YES;
				ONLY_ACTIVE_ARCH = YES;
				SDKROOT = iphoneos;
				SWIFT_ACTIVE_COMPILATION_CONDITIONS = DEBUG;
				SWIFT_OPTIMIZATION_LEVEL = "-Onone";
				TARGETED_DEVICE_FAMILY = "1,2";
			};
			name = Debug;
		};
		24EA96171DD7E47700B11F1B /* Release */ = {
			isa = XCBuildConfiguration;
			buildSettings = {
				ALWAYS_SEARCH_USER_PATHS = NO;
				CLANG_ANALYZER_NONNULL = YES;
				CLANG_CXX_LANGUAGE_STANDARD = "gnu++0x";
				CLANG_CXX_LIBRARY = "libc++";
				CLANG_ENABLE_MODULES = YES;
				CLANG_ENABLE_OBJC_ARC = YES;
				CLANG_WARN_BOOL_CONVERSION = YES;
				CLANG_WARN_CONSTANT_CONVERSION = YES;
				CLANG_WARN_DIRECT_OBJC_ISA_USAGE = YES_ERROR;
				CLANG_WARN_DOCUMENTATION_COMMENTS = YES;
				CLANG_WARN_EMPTY_BODY = YES;
				CLANG_WARN_ENUM_CONVERSION = YES;
				CLANG_WARN_INFINITE_RECURSION = YES;
				CLANG_WARN_INT_CONVERSION = YES;
				CLANG_WARN_OBJC_ROOT_CLASS = YES_ERROR;
				CLANG_WARN_SUSPICIOUS_MOVES = YES;
				CLANG_WARN_UNREACHABLE_CODE = YES;
				CLANG_WARN__DUPLICATE_METHOD_MATCH = YES;
				"CODE_SIGN_IDENTITY[sdk=iphoneos*]" = "iPhone Developer";
				COPY_PHASE_STRIP = NO;
				DEBUG_INFORMATION_FORMAT = "dwarf-with-dsym";
				ENABLE_NS_ASSERTIONS = NO;
				ENABLE_STRICT_OBJC_MSGSEND = YES;
				GCC_C_LANGUAGE_STANDARD = gnu99;
				GCC_NO_COMMON_BLOCKS = YES;
				GCC_WARN_64_TO_32_BIT_CONVERSION = YES;
				GCC_WARN_ABOUT_RETURN_TYPE = YES_ERROR;
				GCC_WARN_UNDECLARED_SELECTOR = YES;
				GCC_WARN_UNINITIALIZED_AUTOS = YES_AGGRESSIVE;
				GCC_WARN_UNUSED_FUNCTION = YES;
				GCC_WARN_UNUSED_VARIABLE = YES;
				IPHONEOS_DEPLOYMENT_TARGET = 10.1;
				MTL_ENABLE_DEBUG_INFO = NO;
				SDKROOT = iphoneos;
				SWIFT_OPTIMIZATION_LEVEL = "-Owholemodule";
				TARGETED_DEVICE_FAMILY = "1,2";
				VALIDATE_PRODUCT = YES;
			};
			name = Release;
		};
		24EA96191DD7E47700B11F1B /* Debug */ = {
			isa = XCBuildConfiguration;
			buildSettings = {
				ASSETCATALOG_COMPILER_APPICON_NAME = AppIcon;
				INFOPLIST_FILE = saveTheKittens/Info.plist;
				LD_RUNPATH_SEARCH_PATHS = "$(inherited) @executable_path/Frameworks";
				PRODUCT_BUNDLE_IDENTIFIER = com.desca.saveTheKittens;
				PRODUCT_NAME = "$(TARGET_NAME)";
				SWIFT_VERSION = 3.0;
			};
			name = Debug;
		};
		24EA961A1DD7E47700B11F1B /* Release */ = {
			isa = XCBuildConfiguration;
			buildSettings = {
				ASSETCATALOG_COMPILER_APPICON_NAME = AppIcon;
				INFOPLIST_FILE = saveTheKittens/Info.plist;
				LD_RUNPATH_SEARCH_PATHS = "$(inherited) @executable_path/Frameworks";
				PRODUCT_BUNDLE_IDENTIFIER = com.desca.saveTheKittens;
				PRODUCT_NAME = "$(TARGET_NAME)";
				SWIFT_VERSION = 3.0;
			};
			name = Release;
		};
/* End XCBuildConfiguration section */

/* Begin XCConfigurationList section */
		24EA96011DD7E47700B11F1B /* Build configuration list for PBXProject "saveTheKittens" */ = {
			isa = XCConfigurationList;
			buildConfigurations = (
				24EA96161DD7E47700B11F1B /* Debug */,
				24EA96171DD7E47700B11F1B /* Release */,
			);
			defaultConfigurationIsVisible = 0;
			defaultConfigurationName = Release;
		};
		24EA96181DD7E47700B11F1B /* Build configuration list for PBXNativeTarget "saveTheKittens" */ = {
			isa = XCConfigurationList;
			buildConfigurations = (
				24EA96191DD7E47700B11F1B /* Debug */,
				24EA961A1DD7E47700B11F1B /* Release */,
			);
			defaultConfigurationIsVisible = 0;
		};
/* End XCConfigurationList section */
	};
	rootObject = 24EA95FE1DD7E47700B11F1B /* Project object */;
}
